
Microsoft Visual Studio Solution File, Format Version 12.00
# Visual Studio 15
VisualStudioVersion = 15.0.27703.2000
MinimumVisualStudioVersion = 10.0.40219.1
Project("{FAE04EC0-301F-11D3-BF4B-00C04F79EFBC}") = "Task1 (3 semestr)", "Task1 (3 semestor)\Task1 (3 semestr).csproj", "{CF5563BE-4B80-4372-8D0E-82483ED638B3}"
EndProject
Project("{FAE04EC0-301F-11D3-BF4B-00C04F79EFBC}") = "Task 1(3)", "..\Task 1(3)\Task 1(3)\Task 1(3).csproj", "{F5F7FA49-99BB-4C9B-B945-C76F5F66E53B}"
EndProject
Global
	GlobalSection(SolutionConfigurationPlatforms) = preSolution
		Debug|Any CPU = Debug|Any CPU
		Release|Any CPU = Release|Any CPU
	EndGlobalSection
	GlobalSection(ProjectConfigurationPlatforms) = postSolution
		{CF5563BE-4B80-4372-8D0E-82483ED638B3}.Debug|Any CPU.ActiveCfg = Debug|Any CPU
		{CF5563BE-4B80-4372-8D0E-82483ED638B3}.Debug|Any CPU.Build.0 = Debug|Any CPU
		{CF5563BE-4B80-4372-8D0E-82483ED638B3}.Release|Any CPU.ActiveCfg = Release|Any CPU
		{CF5563BE-4B80-4372-8D0E-82483ED638B3}.Release|Any CPU.Build.0 = Release|Any CPU
		{F5F7FA49-99BB-4C9B-B945-C76F5F66E53B}.Debug|Any CPU.ActiveCfg = Debug|Any CPU
		{F5F7FA49-99BB-4C9B-B945-C76F5F66E53B}.Debug|Any CPU.Build.0 = Debug|Any CPU
		{F5F7FA49-99BB-4C9B-B945-C76F5F66E53B}.Release|Any CPU.ActiveCfg = Release|Any CPU
		{F5F7FA49-99BB-4C9B-B945-C76F5F66E53B}.Release|Any CPU.Build.0 = Release|Any CPU
	EndGlobalSection
	GlobalSection(SolutionProperties) = preSolution
		HideSolutionNode = FALSE
	EndGlobalSection
	GlobalSection(ExtensibilityGlobals) = postSolution
		SolutionGuid = {22100E5C-3C96-409D-BCCE-A492E1A710AC}
	EndGlobalSection
EndGlobal
